Microsoft Visual Studio Solution File, Format Version 12.00
# Visual Studio Version 17
VisualStudioVersion = 17.14.36414.22
MinimumVisualStudioVersion = 10.0.40219.1
Project("{FAE04EC0-301F-11D3-BF4B-00C04F79EFBC}") = "Inflow.AppHost", "Inflow.AppHost\Inflow.AppHost.csproj", "{6447EE2D-D667-46E7-B8DD-A0465AF82006}"
EndProject
Project("{FAE04EC0-301F-11D3-BF4B-00C04F79EFBC}") = "Inflow.ServiceDefaults", "Inflow.ServiceDefaults\Inflow.ServiceDefaults.csproj", "{2AB4DF5D-9B1A-6462-8644-02E307F6A7A8}"
EndProject
Project("{FAE04EC0-301F-11D3-BF4B-00C04F79EFBC}") = "Inflow", "Inflow\Inflow.csproj", "{05D5F9AD-6860-E85B-11DC-D71AFA2581D4}"
EndProject
Project("{FAE04EC0-301F-11D3-BF4B-00C04F79EFBC}") = "InflowTest", "InflowTest\InflowTest.csproj", "{146089A7-5CB4-4236-9540-57314E9DC86E}"
EndProject
Global
	GlobalSection(SolutionConfigurationPlatforms) = preSolution
		Debug|Any CPU = Debug|Any CPU
		Release|Any CPU = Release|Any CPU
	EndGlobalSection
	GlobalSection(ProjectConfigurationPlatforms) = postSolution
		{6447EE2D-D667-46E7-B8DD-A0465AF82006}.Debug|Any CPU.ActiveCfg = Debug|Any CPU
		{6447EE2D-D667-46E7-B8DD-A0465AF82006}.Debug|Any CPU.Build.0 = Debug|Any CPU
		{6447EE2D-D667-46E7-B8DD-A0465AF82006}.Release|Any CPU.ActiveCfg = Release|Any CPU
		{6447EE2D-D667-46E7-B8DD-A0465AF82006}.Release|Any CPU.Build.0 = Release|Any CPU
		{2AB4DF5D-9B1A-6462-8644-02E307F6A7A8}.Debug|Any CPU.ActiveCfg = Debug|Any CPU
		{2AB4DF5D-9B1A-6462-8644-02E307F6A7A8}.Debug|Any CPU.Build.0 = Debug|Any CPU
		{2AB4DF5D-9B1A-6462-8644-02E307F6A7A8}.Release|Any CPU.ActiveCfg = Release|Any CPU
		{2AB4DF5D-9B1A-6462-8644-02E307F6A7A8}.Release|Any CPU.Build.0 = Release|Any CPU
		{05D5F9AD-6860-E85B-11DC-D71AFA2581D4}.Debug|Any CPU.ActiveCfg = Debug|Any CPU
		{05D5F9AD-6860-E85B-11DC-D71AFA2581D4}.Debug|Any CPU.Build.0 = Debug|Any CPU
		{05D5F9AD-6860-E85B-11DC-D71AFA2581D4}.Release|Any CPU.ActiveCfg = Release|Any CPU
		{05D5F9AD-6860-E85B-11DC-D71AFA2581D4}.Release|Any CPU.Build.0 = Release|Any CPU
		{146089A7-5CB4-4236-9540-57314E9DC86E}.Debug|Any CPU.ActiveCfg = Debug|Any CPU
		{146089A7-5CB4-4236-9540-57314E9DC86E}.Debug|Any CPU.Build.0 = Debug|Any CPU
		{146089A7-5CB4-4236-9540-57314E9DC86E}.Release|Any CPU.ActiveCfg = Release|Any CPU
		{146089A7-5CB4-4236-9540-57314E9DC86E}.Release|Any CPU.Build.0 = Release|Any CPU
	EndGlobalSection
	GlobalSection(SolutionProperties) = preSolution
		HideSolutionNode = FALSE
	EndGlobalSection
	GlobalSection(ExtensibilityGlobals) = postSolution
		SolutionGuid = {485A3FD7-23F8-47A4-9476-C9D1323A5A9A}
	EndGlobalSection
EndGlobal
